// !$*UTF8*$!
{
	archiveVersion = 1;
	classes = {
	};
	objectVersion = 50;
	objects = {

/* Begin PBXBuildFile section */
		D85D11522420AF2D00BEDBE1 /* GTCalendar.framework in Frameworks */ = {isa = PBXBuildFile; fileRef = D85D11482420AF2D00BEDBE1 /* GTCalendar.framework */; };
		D85D11572420AF2D00BEDBE1 /* GTCalendarTests.swift in Sources */ = {isa = PBXBuildFile; fileRef = D85D11562420AF2D00BEDBE1 /* GTCalendarTests.swift */; };
		D85D11592420AF2D00BEDBE1 /* GTCalendar.h in Headers */ = {isa = PBXBuildFile; fileRef = D85D114B2420AF2D00BEDBE1 /* GTCalendar.h */; settings = {ATTRIBUTES = (Public, ); }; };
		D85D116E2420AF7200BEDBE1 /* GTCalendar_Date.swift in Sources */ = {isa = PBXBuildFile; fileRef = D85D11622420AF7100BEDBE1 /* GTCalendar_Date.swift */; };
		D85D116F2420AF7200BEDBE1 /* GTCalendar+PageViewController.swift in Sources */ = {isa = PBXBuildFile; fileRef = D85D11632420AF7100BEDBE1 /* GTCalendar+PageViewController.swift */; };
		D85D11702420AF7200BEDBE1 /* GTCalendar.swift in Sources */ = {isa = PBXBuildFile; fileRef = D85D11642420AF7100BEDBE1 /* GTCalendar.swift */; };
		D85D11712420AF7200BEDBE1 /* GTCalendar+String.swift in Sources */ = {isa = PBXBuildFile; fileRef = D85D11652420AF7100BEDBE1 /* GTCalendar+String.swift */; };
		D85D11722420AF7200BEDBE1 /* GTCalender+Print.swift in Sources */ = {isa = PBXBuildFile; fileRef = D85D11662420AF7100BEDBE1 /* GTCalender+Print.swift */; };
		D85D11732420AF7200BEDBE1 /* GTCalendar+JPHoliday.swift in Sources */ = {isa = PBXBuildFile; fileRef = D85D11672420AF7100BEDBE1 /* GTCalendar+JPHoliday.swift */; };
		D85D11742420AF7200BEDBE1 /* GTCalendar+PageControlView.swift in Sources */ = {isa = PBXBuildFile; fileRef = D85D11682420AF7200BEDBE1 /* GTCalendar+PageControlView.swift */; };
		D85D11752420AF7200BEDBE1 /* GTCalendar+Color.swift in Sources */ = {isa = PBXBuildFile; fileRef = D85D11692420AF7200BEDBE1 /* GTCalendar+Color.swift */; };
		D85D11762420AF7200BEDBE1 /* GTCalendar+PeriodView.swift in Sources */ = {isa = PBXBuildFile; fileRef = D85D116A2420AF7200BEDBE1 /* GTCalendar+PeriodView.swift */; };
		D85D11772420AF7200BEDBE1 /* GTCalendar+WeekdayView.swift in Sources */ = {isa = PBXBuildFile; fileRef = D85D116B2420AF7200BEDBE1 /* GTCalendar+WeekdayView.swift */; };
		D85D11782420AF7200BEDBE1 /* GTCalendar+YearMonthPicker.swift in Sources */ = {isa = PBXBuildFile; fileRef = D85D116C2420AF7200BEDBE1 /* GTCalendar+YearMonthPicker.swift */; };
		D85D11792420AF7200BEDBE1 /* GTCalendar+CalendarViewCell.swift in Sources */ = {isa = PBXBuildFile; fileRef = D85D116D2420AF7200BEDBE1 /* GTCalendar+CalendarViewCell.swift */; };
/* End PBXBuildFile section */

/* Begin PBXContainerItemProxy section */
		D85D11532420AF2D00BEDBE1 /* PBXContainerItemProxy */ = {
			isa = PBXContainerItemProxy;
			containerPortal = D85D113F2420AF2D00BEDBE1 /* Project object */;
			proxyType = 1;
			remoteGlobalIDString = D85D11472420AF2D00BEDBE1;
			remoteInfo = GTCalendar;
		};
/* End PBXContainerItemProxy section */

/* Begin PBXFileReference section */
		D85D11482420AF2D00BEDBE1 /* GTCalendar.framework */ = {isa = PBXFileReference; explicitFileType = wrapper.framework; includeInIndex = 0; path = GTCalendar.framework; sourceTree = BUILT_PRODUCTS_DIR; };
		D85D114B2420AF2D00BEDBE1 /* GTCalendar.h */ = {isa = PBXFileReference; lastKnownFileType = sourcecode.c.h; path = GTCalendar.h; sourceTree = "<group>"; };
		D85D114C2420AF2D00BEDBE1 /* Info.plist */ = {isa = PBXFileReference; lastKnownFileType = text.plist.xml; path = Info.plist; sourceTree = "<group>"; };
		D85D11512420AF2D00BEDBE1 /* GTCalendarTests.xctest */ = {isa = PBXFileReference; explicitFileType = wrapper.cfbundle; includeInIndex = 0; path = GTCalendarTests.xctest; sourceTree = BUILT_PRODUCTS_DIR; };
		D85D11562420AF2D00BEDBE1 /* GTCalendarTests.swift */ = {isa = PBXFileReference; lastKnownFileType = sourcecode.swift; path = GTCalendarTests.swift; sourceTree = "<group>"; };
		D85D11582420AF2D00BEDBE1 /* Info.plist */ = {isa = PBXFileReference; lastKnownFileType = text.plist.xml; path = Info.plist; sourceTree = "<group>"; };
		D85D11622420AF7100BEDBE1 /* GTCalendar_Date.swift */ = {isa = PBXFileReference; fileEncoding = 4; lastKnownFileType = sourcecode.swift; path = GTCalendar_Date.swift; sourceTree = "<group>"; };
		D85D11632420AF7100BEDBE1 /* GTCalendar+PageViewController.swift */ = {isa = PBXFileReference; fileEncoding = 4; lastKnownFileType = sourcecode.swift; path = "GTCalendar+PageViewController.swift"; sourceTree = "<group>"; };
		D85D11642420AF7100BEDBE1 /* GTCalendar.swift */ = {isa = PBXFileReference; fileEncoding = 4; lastKnownFileType = sourcecode.swift; path = GTCalendar.swift; sourceTree = "<group>"; };
		D85D11652420AF7100BEDBE1 /* GTCalendar+String.swift */ = {isa = PBXFileReference; fileEncoding = 4; lastKnownFileType = sourcecode.swift; path = "GTCalendar+String.swift"; sourceTree = "<group>"; };
		D85D11662420AF7100BEDBE1 /* GTCalender+Print.swift */ = {isa = PBXFileReference; fileEncoding = 4; lastKnownFileType = sourcecode.swift; path = "GTCalender+Print.swift"; sourceTree = "<group>"; };
		D85D11672420AF7100BEDBE1 /* GTCalendar+JPHoliday.swift */ = {isa = PBXFileReference; fileEncoding = 4; lastKnownFileType = sourcecode.swift; path = "GTCalendar+JPHoliday.swift"; sourceTree = "<group>"; };
		D85D11682420AF7200BEDBE1 /* GTCalendar+PageControlView.swift */ = {isa = PBXFileReference; fileEncoding = 4; lastKnownFileType = sourcecode.swift; path = "GTCalendar+PageControlView.swift"; sourceTree = "<group>"; };
		D85D11692420AF7200BEDBE1 /* GTCalendar+Color.swift */ = {isa = PBXFileReference; fileEncoding = 4; lastKnownFileType = sourcecode.swift; path = "GTCalendar+Color.swift"; sourceTree = "<group>"; };
		D85D116A2420AF7200BEDBE1 /* GTCalendar+PeriodView.swift */ = {isa = PBXFileReference; fileEncoding = 4; lastKnownFileType = sourcecode.swift; path = "GTCalendar+PeriodView.swift"; sourceTree = "<group>"; };
		D85D116B2420AF7200BEDBE1 /* GTCalendar+WeekdayView.swift */ = {isa = PBXFileReference; fileEncoding = 4; lastKnownFileType = sourcecode.swift; path = "GTCalendar+WeekdayView.swift"; sourceTree = "<group>"; };
		D85D116C2420AF7200BEDBE1 /* GTCalendar+YearMonthPicker.swift */ = {isa = PBXFileReference; fileEncoding = 4; lastKnownFileType = sourcecode.swift; path = "GTCalendar+YearMonthPicker.swift"; sourceTree = "<group>"; };
		D85D116D2420AF7200BEDBE1 /* GTCalendar+CalendarViewCell.swift */ = {isa = PBXFileReference; fileEncoding = 4; lastKnownFileType = sourcecode.swift; path = "GTCalendar+CalendarViewCell.swift"; sourceTree = "<group>"; };
/* End PBXFileReference section */

/* Begin PBXFrameworksBuildPhase section */
		D85D11452420AF2D00BEDBE1 /* Frameworks */ = {
			isa = PBXFrameworksBuildPhase;
			buildActionMask = 2147483647;
			files = (
			);
			runOnlyForDeploymentPostprocessing = 0;
		};
		D85D114E2420AF2D00BEDBE1 /* Frameworks */ = {
			isa = PBXFrameworksBuildPhase;
			buildActionMask = 2147483647;
			files = (
				D85D11522420AF2D00BEDBE1 /* GTCalendar.framework in Frameworks */,
			);
			runOnlyForDeploymentPostprocessing = 0;
		};
/* End PBXFrameworksBuildPhase section */

/* Begin PBXGroup section */
		D85D113E2420AF2D00BEDBE1 = {
			isa = PBXGroup;
			children = (
				D85D114A2420AF2D00BEDBE1 /* GTCalendar */,
				D85D11552420AF2D00BEDBE1 /* GTCalendarTests */,
				D85D11492420AF2D00BEDBE1 /* Products */,
			);
			sourceTree = "<group>";
		};
		D85D11492420AF2D00BEDBE1 /* Products */ = {
			isa = PBXGroup;
			children = (
				D85D11482420AF2D00BEDBE1 /* GTCalendar.framework */,
				D85D11512420AF2D00BEDBE1 /* GTCalendarTests.xctest */,
			);
			name = Products;
			sourceTree = "<group>";
		};
		D85D114A2420AF2D00BEDBE1 /* GTCalendar */ = {
			isa = PBXGroup;
			children = (
				D85D11662420AF7100BEDBE1 /* GTCalender+Print.swift */,
				D85D11692420AF7200BEDBE1 /* GTCalendar+Color.swift */,
				D85D11622420AF7100BEDBE1 /* GTCalendar_Date.swift */,
				D85D11642420AF7100BEDBE1 /* GTCalendar.swift */,
				D85D116D2420AF7200BEDBE1 /* GTCalendar+CalendarViewCell.swift */,
				D85D11682420AF7200BEDBE1 /* GTCalendar+PageControlView.swift */,
				D85D11632420AF7100BEDBE1 /* GTCalendar+PageViewController.swift */,
				D85D116A2420AF7200BEDBE1 /* GTCalendar+PeriodView.swift */,
				D85D11652420AF7100BEDBE1 /* GTCalendar+String.swift */,
				D85D116B2420AF7200BEDBE1 /* GTCalendar+WeekdayView.swift */,
				D85D116C2420AF7200BEDBE1 /* GTCalendar+YearMonthPicker.swift */,
				D85D11672420AF7100BEDBE1 /* GTCalendar+JPHoliday.swift */,
				D85D114B2420AF2D00BEDBE1 /* GTCalendar.h */,
				D85D114C2420AF2D00BEDBE1 /* Info.plist */,
			);
			path = GTCalendar;
			sourceTree = "<group>";
		};
		D85D11552420AF2D00BEDBE1 /* GTCalendarTests */ = {
			isa = PBXGroup;
			children = (
				D85D11562420AF2D00BEDBE1 /* GTCalendarTests.swift */,
				D85D11582420AF2D00BEDBE1 /* Info.plist */,
			);
			path = GTCalendarTests;
			sourceTree = "<group>";
		};
/* End PBXGroup section */

/* Begin PBXHeadersBuildPhase section */
		D85D11432420AF2D00BEDBE1 /* Headers */ = {
			isa = PBXHeadersBuildPhase;
			buildActionMask = 2147483647;
			files = (
				D85D11592420AF2D00BEDBE1 /* GTCalendar.h in Headers */,
			);
			runOnlyForDeploymentPostprocessing = 0;
		};
/* End PBXHeadersBuildPhase section */

/* Begin PBXNativeTarget section */
		D85D11472420AF2D00BEDBE1 /* GTCalendar */ = {
			isa = PBXNativeTarget;
			buildConfigurationList = D85D115C2420AF2D00BEDBE1 /* Build configuration list for PBXNativeTarget "GTCalendar" */;
			buildPhases = (
				D85D11432420AF2D00BEDBE1 /* Headers */,
				D85D11442420AF2D00BEDBE1 /* Sources */,
				D85D11452420AF2D00BEDBE1 /* Frameworks */,
				D85D11462420AF2D00BEDBE1 /* Resources */,
			);
			buildRules = (
			);
			dependencies = (
			);
			name = GTCalendar;
			productName = GTCalendar;
			productReference = D85D11482420AF2D00BEDBE1 /* GTCalendar.framework */;
			productType = "com.apple.product-type.framework";
		};
		D85D11502420AF2D00BEDBE1 /* GTCalendarTests */ = {
			isa = PBXNativeTarget;
			buildConfigurationList = D85D115F2420AF2D00BEDBE1 /* Build configuration list for PBXNativeTarget "GTCalendarTests" */;
			buildPhases = (
				D85D114D2420AF2D00BEDBE1 /* Sources */,
				D85D114E2420AF2D00BEDBE1 /* Frameworks */,
				D85D114F2420AF2D00BEDBE1 /* Resources */,
			);
			buildRules = (
			);
			dependencies = (
				D85D11542420AF2D00BEDBE1 /* PBXTargetDependency */,
			);
			name = GTCalendarTests;
			productName = GTCalendarTests;
			productReference = D85D11512420AF2D00BEDBE1 /* GTCalendarTests.xctest */;
			productType = "com.apple.product-type.bundle.unit-test";
		};
/* End PBXNativeTarget section */

/* Begin PBXProject section */
		D85D113F2420AF2D00BEDBE1 /* Project object */ = {
			isa = PBXProject;
			attributes = {
				LastSwiftUpdateCheck = 1130;
				LastUpgradeCheck = 1130;
				ORGANIZATIONNAME = "世来直人";
				TargetAttributes = {
					D85D11472420AF2D00BEDBE1 = {
						CreatedOnToolsVersion = 11.3.1;
						LastSwiftMigration = 1130;
					};
					D85D11502420AF2D00BEDBE1 = {
						CreatedOnToolsVersion = 11.3.1;
					};
				};
			};
			buildConfigurationList = D85D11422420AF2D00BEDBE1 /* Build configuration list for PBXProject "GTCalendar" */;
			compatibilityVersion = "Xcode 9.3";
			developmentRegion = en;
			hasScannedForEncodings = 0;
			knownRegions = (
				en,
				Base,
			);
			mainGroup = D85D113E2420AF2D00BEDBE1;
			productRefGroup = D85D11492420AF2D00BEDBE1 /* Products */;
			projectDirPath = "";
			projectRoot = "";
			targets = (
				D85D11472420AF2D00BEDBE1 /* GTCalendar */,
				D85D11502420AF2D00BEDBE1 /* GTCalendarTests */,
			);
		};
/* End PBXProject section */

/* Begin PBXResourcesBuildPhase section */
		D85D11462420AF2D00BEDBE1 /* Resources */ = {
			isa = PBXResourcesBuildPhase;
			buildActionMask = 2147483647;
			files = (
			);
			runOnlyForDeploymentPostprocessing = 0;
		};
		D85D114F2420AF2D00BEDBE1 /* Resources */ = {
			isa = PBXResourcesBuildPhase;
			buildActionMask = 2147483647;
			files = (
			);
			runOnlyForDeploymentPostprocessing = 0;
		};
/* End PBXResourcesBuildPhase section */

/* Begin PBXSourcesBuildPhase section */
		D85D11442420AF2D00BEDBE1 /* Sources */ = {
			isa = PBXSourcesBuildPhase;
			buildActionMask = 2147483647;
			files = (
				D85D11762420AF7200BEDBE1 /* GTCalendar+PeriodView.swift in Sources */,
				D85D11752420AF7200BEDBE1 /* GTCalendar+Color.swift in Sources */,
				D85D116F2420AF7200BEDBE1 /* GTCalendar+PageViewController.swift in Sources */,
				D85D11732420AF7200BEDBE1 /* GTCalendar+JPHoliday.swift in Sources */,
				D85D11742420AF7200BEDBE1 /* GTCalendar+PageControlView.swift in Sources */,
				D85D11722420AF7200BEDBE1 /* GTCalender+Print.swift in Sources */,
				D85D11772420AF7200BEDBE1 /* GTCalendar+WeekdayView.swift in Sources */,
				D85D11782420AF7200BEDBE1 /* GTCalendar+YearMonthPicker.swift in Sources */,
				D85D11712420AF7200BEDBE1 /* GTCalendar+String.swift in Sources */,
				D85D11702420AF7200BEDBE1 /* GTCalendar.swift in Sources */,
				D85D116E2420AF7200BEDBE1 /* GTCalendar_Date.swift in Sources */,
				D85D11792420AF7200BEDBE1 /* GTCalendar+CalendarViewCell.swift in Sources */,
			);
			runOnlyForDeploymentPostprocessing = 0;
		};
		D85D114D2420AF2D00BEDBE1 /* Sources */ = {
			isa = PBXSourcesBuildPhase;
			buildActionMask = 2147483647;
			files = (
				D85D11572420AF2D00BEDBE1 /* GTCalendarTests.swift in Sources */,
			);
			runOnlyForDeploymentPostprocessing = 0;
		};
/* End PBXSourcesBuildPhase section */

/* Begin PBXTargetDependency section */
		D85D11542420AF2D00BEDBE1 /* PBXTargetDependency */ = {
			isa = PBXTargetDependency;
			target = D85D11472420AF2D00BEDBE1 /* GTCalendar */;
			targetProxy = D85D11532420AF2D00BEDBE1 /* PBXContainerItemProxy */;
		};
/* End PBXTargetDependency section */

/* Begin XCBuildConfiguration section */
		D85D115A2420AF2D00BEDBE1 /* Debug */ = {
			isa = XCBuildConfiguration;
			buildSettings = {
				ALWAYS_SEARCH_USER_PATHS = NO;
				CLANG_ANALYZER_NONNULL = YES;
				CLANG_ANALYZER_NUMBER_OBJECT_CONVERSION = YES_AGGRESSIVE;
				CLANG_CXX_LANGUAGE_STANDARD = "gnu++14";
				CLANG_CXX_LIBRARY = "libc++";
				CLANG_ENABLE_MODULES = YES;
				CLANG_ENABLE_OBJC_ARC = YES;
				CLANG_ENABLE_OBJC_WEAK = YES;
				CLANG_WARN_BLOCK_CAPTURE_AUTORELEASING = YES;
				CLANG_WARN_BOOL_CONVERSION = YES;
				CLANG_WARN_COMMA = YES;
				CLANG_WARN_CONSTANT_CONVERSION = YES;
				CLANG_WARN_DEPRECATED_OBJC_IMPLEMENTATIONS = YES;
				CLANG_WARN_DIRECT_OBJC_ISA_USAGE = YES_ERROR;
				CLANG_WARN_DOCUMENTATION_COMMENTS = YES;
				CLANG_WARN_EMPTY_BODY = YES;
				CLANG_WARN_ENUM_CONVERSION = YES;
				CLANG_WARN_INFINITE_RECURSION = YES;
				CLANG_WARN_INT_CONVERSION = YES;
				CLANG_WARN_NON_LITERAL_NULL_CONVERSION = YES;
				CLANG_WARN_OBJC_IMPLICIT_RETAIN_SELF = YES;
				CLANG_WARN_OBJC_LITERAL_CONVERSION = YES;
				CLANG_WARN_OBJC_ROOT_CLASS = YES_ERROR;
				CLANG_WARN_RANGE_LOOP_ANALYSIS = YES;
				CLANG_WARN_STRICT_PROTOTYPES = YES;
				CLANG_WARN_SUSPICIOUS_MOVE = YES;
				CLANG_WARN_UNGUARDED_AVAILABILITY = YES_AGGRESSIVE;
				CLANG_WARN_UNREACHABLE_CODE = YES;
				CLANG_WARN__DUPLICATE_METHOD_MATCH = YES;
				COPY_PHASE_STRIP = NO;
				CURRENT_PROJECT_VERSION = 1;
				DEBUG_INFORMATION_FORMAT = dwarf;
				ENABLE_STRICT_OBJC_MSGSEND = YES;
				ENABLE_TESTABILITY = YES;
				GCC_C_LANGUAGE_STANDARD = gnu11;
				GCC_DYNAMIC_NO_PIC = NO;
				GCC_NO_COMMON_BLOCKS = YES;
				GCC_OPTIMIZATION_LEVEL = 0;
				GCC_PREPROCESSOR_DEFINITIONS = (
					"DEBUG=1",
					"$(inherited)",
				);
				GCC_WARN_64_TO_32_BIT_CONVERSION = YES;
				GCC_WARN_ABOUT_RETURN_TYPE = YES_ERROR;
				GCC_WARN_UNDECLARED_SELECTOR = YES;
				GCC_WARN_UNINITIALIZED_AUTOS = YES_AGGRESSIVE;
				GCC_WARN_UNUSED_FUNCTION = YES;
				GCC_WARN_UNUSED_VARIABLE = YES;
				IPHONEOS_DEPLOYMENT_TARGET = 13.2;
				MTL_ENABLE_DEBUG_INFO = INCLUDE_SOURCE;
				MTL_FAST_MATH = YES;
				ONLY_ACTIVE_ARCH = YES;
				SDKROOT = iphoneos;
				SWIFT_ACTIVE_COMPILATION_CONDITIONS = DEBUG;
				SWIFT_OPTIMIZATION_LEVEL = "-Onone";
				VERSIONING_SYSTEM = "apple-generic";
				VERSION_INFO_PREFIX = "";
			};
			name = Debug;
		};
		D85D115B2420AF2D00BEDBE1 /* Release */ = {
			isa = XCBuildConfiguration;
			buildSettings = {
				ALWAYS_SEARCH_USER_PATHS = NO;
				CLANG_ANALYZER_NONNULL = YES;
				CLANG_ANALYZER_NUMBER_OBJECT_CONVERSION = YES_AGGRESSIVE;
				CLANG_CXX_LANGUAGE_STANDARD = "gnu++14";
				CLANG_CXX_LIBRARY = "libc++";
				CLANG_ENABLE_MODULES = YES;
				CLANG_ENABLE_OBJC_ARC = YES;
				CLANG_ENABLE_OBJC_WEAK = YES;
				CLANG_WARN_BLOCK_CAPTURE_AUTORELEASING = YES;
				CLANG_WARN_BOOL_CONVERSION = YES;
				CLANG_WARN_COMMA = YES;
				CLANG_WARN_CONSTANT_CONVERSION = YES;
				CLANG_WARN_DEPRECATED_OBJC_IMPLEMENTATIONS = YES;
				CLANG_WARN_DIRECT_OBJC_ISA_USAGE = YES_ERROR;
				CLANG_WARN_DOCUMENTATION_COMMENTS = YES;
				CLANG_WARN_EMPTY_BODY = YES;
				CLANG_WARN_ENUM_CONVERSION = YES;
				CLANG_WARN_INFINITE_RECURSION = YES;
				CLANG_WARN_INT_CONVERSION = YES;
				CLANG_WARN_NON_LITERAL_NULL_CONVERSION = YES;
				CLANG_WARN_OBJC_IMPLICIT_RETAIN_SELF = YES;
				CLANG_WARN_OBJC_LITERAL_CONVERSION = YES;
				CLANG_WARN_OBJC_ROOT_CLASS = YES_ERROR;
				CLANG_WARN_RANGE_LOOP_ANALYSIS = YES;
				CLANG_WARN_STRICT_PROTOTYPES = YES;
				CLANG_WARN_SUSPICIOUS_MOVE = YES;
				CLANG_WARN_UNGUARDED_AVAILABILITY = YES_AGGRESSIVE;
				CLANG_WARN_UNREACHABLE_CODE = YES;
				CLANG_WARN__DUPLICATE_METHOD_MATCH = YES;
				COPY_PHASE_STRIP = NO;
				CURRENT_PROJECT_VERSION = 1;
				DEBUG_INFORMATION_FORMAT = "dwarf-with-dsym";
				ENABLE_NS_ASSERTIONS = NO;
				ENABLE_STRICT_OBJC_MSGSEND = YES;
				GCC_C_LANGUAGE_STANDARD = gnu11;
				GCC_NO_COMMON_BLOCKS = YES;
				GCC_WARN_64_TO_32_BIT_CONVERSION = YES;
				GCC_WARN_ABOUT_RETURN_TYPE = YES_ERROR;
				GCC_WARN_UNDECLARED_SELECTOR = YES;
				GCC_WARN_UNINITIALIZED_AUTOS = YES_AGGRESSIVE;
				GCC_WARN_UNUSED_FUNCTION = YES;
				GCC_WARN_UNUSED_VARIABLE = YES;
				IPHONEOS_DEPLOYMENT_TARGET = 13.2;
				MTL_ENABLE_DEBUG_INFO = NO;
				MTL_FAST_MATH = YES;
				SDKROOT = iphoneos;
				SWIFT_COMPILATION_MODE = wholemodule;
				SWIFT_OPTIMIZATION_LEVEL = "-O";
				VALIDATE_PRODUCT = YES;
				VERSIONING_SYSTEM = "apple-generic";
				VERSION_INFO_PREFIX = "";
			};
			name = Release;
		};
		D85D115D2420AF2D00BEDBE1 /* Debug */ = {
			isa = XCBuildConfiguration;
			buildSettings = {
				CLANG_ENABLE_MODULES = YES;
				CODE_SIGN_STYLE = Automatic;
				DEFINES_MODULE = YES;
				DEVELOPMENT_TEAM = QKEAV9NH26;
				DYLIB_COMPATIBILITY_VERSION = 1;
				DYLIB_CURRENT_VERSION = 1;
				DYLIB_INSTALL_NAME_BASE = "@rpath";
				INFOPLIST_FILE = GTCalendar/Info.plist;
				INSTALL_PATH = "$(LOCAL_LIBRARY_DIR)/Frameworks";
				LD_RUNPATH_SEARCH_PATHS = (
					"$(inherited)",
					"@executable_path/Frameworks",
					"@loader_path/Frameworks",
				);
				PRODUCT_BUNDLE_IDENTIFIER = jp.4am.GTCalendar;
				PRODUCT_NAME = "$(TARGET_NAME:c99extidentifier)";
				SKIP_INSTALL = YES;
				SWIFT_OPTIMIZATION_LEVEL = "-Onone";
				SWIFT_VERSION = 5.0;
				TARGETED_DEVICE_FAMILY = "1,2";
			};
			name = Debug;
		};
		D85D115E2420AF2D00BEDBE1 /* Release */ = {
			isa = XCBuildConfiguration;
			buildSettings = {
				CLANG_ENABLE_MODULES = YES;
				CODE_SIGN_STYLE = Automatic;
				DEFINES_MODULE = YES;
				DEVELOPMENT_TEAM = QKEAV9NH26;
				DYLIB_COMPATIBILITY_VERSION = 1;
				DYLIB_CURRENT_VERSION = 1;
				DYLIB_INSTALL_NAME_BASE = "@rpath";
				INFOPLIST_FILE = GTCalendar/Info.plist;
				INSTALL_PATH = "$(LOCAL_LIBRARY_DIR)/Frameworks";
				LD_RUNPATH_SEARCH_PATHS = (
					"$(inherited)",
					"@executable_path/Frameworks",
					"@loader_path/Frameworks",
				);
				PRODUCT_BUNDLE_IDENTIFIER = jp.4am.GTCalendar;
				PRODUCT_NAME = "$(TARGET_NAME:c99extidentifier)";
				SKIP_INSTALL = YES;
				SWIFT_VERSION = 5.0;
				TARGETED_DEVICE_FAMILY = "1,2";
			};
			name = Release;
		};
		D85D11602420AF2D00BEDBE1 /* Debug */ = {
			isa = XCBuildConfiguration;
			buildSettings = {
				ALWAYS_EMBED_SWIFT_STANDARD_LIBRARIES = YES;
				CODE_SIGN_STYLE = Automatic;
				DEVELOPMENT_TEAM = QKEAV9NH26;
				INFOPLIST_FILE = GTCalendarTests/Info.plist;
				LD_RUNPATH_SEARCH_PATHS = (
					"$(inherited)",
					"@executable_path/Frameworks",
					"@loader_path/Frameworks",
				);
				PRODUCT_BUNDLE_IDENTIFIER = jp.4am.GTCalendarTests;
				PRODUCT_NAME = "$(TARGET_NAME)";
				SWIFT_VERSION = 5.0;
				TARGETED_DEVICE_FAMILY = "1,2";
			};
			name = Debug;
		};
		D85D11612420AF2D00BEDBE1 /* Release */ = {
			isa = XCBuildConfiguration;
			buildSettings = {
				ALWAYS_EMBED_SWIFT_STANDARD_LIBRARIES = YES;
				CODE_SIGN_STYLE = Automatic;
				DEVELOPMENT_TEAM = QKEAV9NH26;
				INFOPLIST_FILE = GTCalendarTests/Info.plist;
				LD_RUNPATH_SEARCH_PATHS = (
					"$(inherited)",
					"@executable_path/Frameworks",
					"@loader_path/Frameworks",
				);
				PRODUCT_BUNDLE_IDENTIFIER = jp.4am.GTCalendarTests;
				PRODUCT_NAME = "$(TARGET_NAME)";
				SWIFT_VERSION = 5.0;
				TARGETED_DEVICE_FAMILY = "1,2";
			};
			name = Release;
		};
/* End XCBuildConfiguration section */

/* Begin XCConfigurationList section */
		D85D11422420AF2D00BEDBE1 /* Build configuration list for PBXProject "GTCalendar" */ = {
			isa = XCConfigurationList;
			buildConfigurations = (
				D85D115A2420AF2D00BEDBE1 /* Debug */,
				D85D115B2420AF2D00BEDBE1 /* Release */,
			);
			defaultConfigurationIsVisible = 0;
			defaultConfigurationName = Release;
		};
		D85D115C2420AF2D00BEDBE1 /* Build configuration list for PBXNativeTarget "GTCalendar" */ = {
			isa = XCConfigurationList;
			buildConfigurations = (
				D85D115D2420AF2D00BEDBE1 /* Debug */,
				D85D115E2420AF2D00BEDBE1 /* Release */,
			);
			defaultConfigurationIsVisible = 0;
			defaultConfigurationName = Release;
		};
		D85D115F2420AF2D00BEDBE1 /* Build configuration list for PBXNativeTarget "GTCalendarTests" */ = {
			isa = XCConfigurationList;
			buildConfigurations = (
				D85D11602420AF2D00BEDBE1 /* Debug */,
				D85D11612420AF2D00BEDBE1 /* Release */,
			);
			defaultConfigurationIsVisible = 0;
			defaultConfigurationName = Release;
		};
/* End XCConfigurationList section */
	};
	rootObject = D85D113F2420AF2D00BEDBE1 /* Project object */;
}
